// !$*UTF8*$!
{
	archiveVersion = 1;
	classes = {
	};
	objectVersion = 50;
	objects = {

/* Begin PBXBuildFile section */
		5C9DDD06887B6155A33780F1 /* Pods_spayTests.framework in Frameworks */ = {isa = PBXBuildFile; fileRef = DC657C7E3227554F4D336498 /* Pods_spayTests.framework */; };
		745A72812309E2320000C436 /* AppDelegate.swift in Sources */ = {isa = PBXBuildFile; fileRef = 745A72802309E2320000C436 /* AppDelegate.swift */; };
		745A72832309E2320000C436 /* ViewController.swift in Sources */ = {isa = PBXBuildFile; fileRef = 745A72822309E2320000C436 /* ViewController.swift */; };
		745A72862309E2320000C436 /* Main.storyboard in Resources */ = {isa = PBXBuildFile; fileRef = 745A72842309E2320000C436 /* Main.storyboard */; };
		745A728B2309E2330000C436 /* Assets.xcassets in Resources */ = {isa = PBXBuildFile; fileRef = 745A728A2309E2330000C436 /* Assets.xcassets */; };
		745A728E2309E2330000C436 /* LaunchScreen.storyboard in Resources */ = {isa = PBXBuildFile; fileRef = 745A728C2309E2330000C436 /* LaunchScreen.storyboard */; };
		745A72992309E2330000C436 /* spayTests.swift in Sources */ = {isa = PBXBuildFile; fileRef = 745A72982309E2330000C436 /* spayTests.swift */; };
		745A72A42309E2330000C436 /* spayUITests.swift in Sources */ = {isa = PBXBuildFile; fileRef = 745A72A32309E2330000C436 /* spayUITests.swift */; };
		74E98E552309F0D900EB41E0 /* APISubscription.swift in Sources */ = {isa = PBXBuildFile; fileRef = 74E98E4D2309F0D900EB41E0 /* APISubscription.swift */; };
		74E98E562309F0D900EB41E0 /* NetworkTypes.swift in Sources */ = {isa = PBXBuildFile; fileRef = 74E98E4E2309F0D900EB41E0 /* NetworkTypes.swift */; };
		74E98E572309F0D900EB41E0 /* NetworkProtocols.swift in Sources */ = {isa = PBXBuildFile; fileRef = 74E98E4F2309F0D900EB41E0 /* NetworkProtocols.swift */; };
		74E98E5A2309F0D900EB41E0 /* NetworkError.swift in Sources */ = {isa = PBXBuildFile; fileRef = 74E98E522309F0D900EB41E0 /* NetworkError.swift */; };
		74E98E5B2309F0D900EB41E0 /* DispatchWorkItemSubscription.swift in Sources */ = {isa = PBXBuildFile; fileRef = 74E98E532309F0D900EB41E0 /* DispatchWorkItemSubscription.swift */; };
		74E98E622309F1C400EB41E0 /* APIRequestProtocols.swift in Sources */ = {isa = PBXBuildFile; fileRef = 74E98E5D2309F1C400EB41E0 /* APIRequestProtocols.swift */; };
		74E98E632309F1C400EB41E0 /* APIRequestPerformerFactory.swift in Sources */ = {isa = PBXBuildFile; fileRef = 74E98E5E2309F1C400EB41E0 /* APIRequestPerformerFactory.swift */; };
		74E98E642309F1C400EB41E0 /* APIRequestBuilder.swift in Sources */ = {isa = PBXBuildFile; fileRef = 74E98E5F2309F1C400EB41E0 /* APIRequestBuilder.swift */; };
		74E98E652309F1C400EB41E0 /* APIRequest.swift in Sources */ = {isa = PBXBuildFile; fileRef = 74E98E602309F1C400EB41E0 /* APIRequest.swift */; };
		74E98E662309F1C400EB41E0 /* APIRequestPerformer.swift in Sources */ = {isa = PBXBuildFile; fileRef = 74E98E612309F1C400EB41E0 /* APIRequestPerformer.swift */; };
		74E98E6A2309F21200EB41E0 /* APIResponse.swift in Sources */ = {isa = PBXBuildFile; fileRef = 74E98E682309F21200EB41E0 /* APIResponse.swift */; };
		74E98E6B2309F21200EB41E0 /* ResponseProtocols.swift in Sources */ = {isa = PBXBuildFile; fileRef = 74E98E692309F21200EB41E0 /* ResponseProtocols.swift */; };
		74E98E6E2309F29100EB41E0 /* APIPerformer.swift in Sources */ = {isa = PBXBuildFile; fileRef = 74E98E6D2309F29100EB41E0 /* APIPerformer.swift */; };
		74E98E732309F9BC00EB41E0 /* LogAccessLevel.swift in Sources */ = {isa = PBXBuildFile; fileRef = 74E98E702309F9BC00EB41E0 /* LogAccessLevel.swift */; };
		74E98E742309F9BC00EB41E0 /* LogType.swift in Sources */ = {isa = PBXBuildFile; fileRef = 74E98E712309F9BC00EB41E0 /* LogType.swift */; };
		74E98E752309F9BC00EB41E0 /* LogCategory.swift in Sources */ = {isa = PBXBuildFile; fileRef = 74E98E722309F9BC00EB41E0 /* LogCategory.swift */; };
		74E98E772309FA2A00EB41E0 /* OSLogger.swift in Sources */ = {isa = PBXBuildFile; fileRef = 74E98E762309FA2A00EB41E0 /* OSLogger.swift */; };
		A840BB6465BB2DA1CD25385E /* Pods_spayUITests.framework in Frameworks */ = {isa = PBXBuildFile; fileRef = 643CD1F6FF549F27DA013C42 /* Pods_spayUITests.framework */; };
		CBEE61E01A2A3EA6E97C8FB9 /* Pods_spay.framework in Frameworks */ = {isa = PBXBuildFile; fileRef = D19A598D940E01299A7EDF9C /* Pods_spay.framework */; };
/* End PBXBuildFile section */

/* Begin PBXContainerItemProxy section */
		745A72952309E2330000C436 /* PBXContainerItemProxy */ = {
			isa = PBXContainerItemProxy;
			containerPortal = 745A72752309E2320000C436 /* Project object */;
			proxyType = 1;
			remoteGlobalIDString = 745A727C2309E2320000C436;
			remoteInfo = spay;
		};
		745A72A02309E2330000C436 /* PBXContainerItemProxy */ = {
			isa = PBXContainerItemProxy;
			containerPortal = 745A72752309E2320000C436 /* Project object */;
			proxyType = 1;
			remoteGlobalIDString = 745A727C2309E2320000C436;
			remoteInfo = spay;
		};
/* End PBXContainerItemProxy section */

/* Begin PBXFileReference section */
		03E1659D3A206BB68C546B2B /* Pods-spayUITests.debug.xcconfig */ = {isa = PBXFileReference; includeInIndex = 1; lastKnownFileType = text.xcconfig; name = "Pods-spayUITests.debug.xcconfig"; path = "Target Support Files/Pods-spayUITests/Pods-spayUITests.debug.xcconfig"; sourceTree = "<group>"; };
		10148B4E36E5C92286CA5A1E /* Pods-spayUITests.release.xcconfig */ = {isa = PBXFileReference; includeInIndex = 1; lastKnownFileType = text.xcconfig; name = "Pods-spayUITests.release.xcconfig"; path = "Target Support Files/Pods-spayUITests/Pods-spayUITests.release.xcconfig"; sourceTree = "<group>"; };
		3FDC54364B2599A830323D42 /* Pods-spayTests.release.xcconfig */ = {isa = PBXFileReference; includeInIndex = 1; lastKnownFileType = text.xcconfig; name = "Pods-spayTests.release.xcconfig"; path = "Target Support Files/Pods-spayTests/Pods-spayTests.release.xcconfig"; sourceTree = "<group>"; };
		63F9252241EF7A24960509AB /* Pods-spay.debug.xcconfig */ = {isa = PBXFileReference; includeInIndex = 1; lastKnownFileType = text.xcconfig; name = "Pods-spay.debug.xcconfig"; path = "Target Support Files/Pods-spay/Pods-spay.debug.xcconfig"; sourceTree = "<group>"; };
		643CD1F6FF549F27DA013C42 /* Pods_spayUITests.framework */ = {isa = PBXFileReference; explicitFileType = wrapper.framework; includeInIndex = 0; path = Pods_spayUITests.framework; sourceTree = BUILT_PRODUCTS_DIR; };
		745A727D2309E2320000C436 /* spay.app */ = {isa = PBXFileReference; explicitFileType = wrapper.application; includeInIndex = 0; path = spay.app; sourceTree = BUILT_PRODUCTS_DIR; };
		745A72802309E2320000C436 /* AppDelegate.swift */ = {isa = PBXFileReference; lastKnownFileType = sourcecode.swift; path = AppDelegate.swift; sourceTree = "<group>"; };
		745A72822309E2320000C436 /* ViewController.swift */ = {isa = PBXFileReference; lastKnownFileType = sourcecode.swift; path = ViewController.swift; sourceTree = "<group>"; };
		745A72852309E2320000C436 /* Base */ = {isa = PBXFileReference; lastKnownFileType = file.storyboard; name = Base; path = Base.lproj/Main.storyboard; sourceTree = "<group>"; };
		745A728A2309E2330000C436 /* Assets.xcassets */ = {isa = PBXFileReference; lastKnownFileType = folder.assetcatalog; path = Assets.xcassets; sourceTree = "<group>"; };
		745A728D2309E2330000C436 /* Base */ = {isa = PBXFileReference; lastKnownFileType = file.storyboard; name = Base; path = Base.lproj/LaunchScreen.storyboard; sourceTree = "<group>"; };
		745A728F2309E2330000C436 /* Info.plist */ = {isa = PBXFileReference; lastKnownFileType = text.plist.xml; path = Info.plist; sourceTree = "<group>"; };
		745A72942309E2330000C436 /* spayTests.xctest */ = {isa = PBXFileReference; explicitFileType = wrapper.cfbundle; includeInIndex = 0; path = spayTests.xctest; sourceTree = BUILT_PRODUCTS_DIR; };
		745A72982309E2330000C436 /* spayTests.swift */ = {isa = PBXFileReference; lastKnownFileType = sourcecode.swift; path = spayTests.swift; sourceTree = "<group>"; };
		745A729A2309E2330000C436 /* Info.plist */ = {isa = PBXFileReference; lastKnownFileType = text.plist.xml; path = Info.plist; sourceTree = "<group>"; };
		745A729F2309E2330000C436 /* spayUITests.xctest */ = {isa = PBXFileReference; explicitFileType = wrapper.cfbundle; includeInIndex = 0; path = spayUITests.xctest; sourceTree = BUILT_PRODUCTS_DIR; };
		745A72A32309E2330000C436 /* spayUITests.swift */ = {isa = PBXFileReference; lastKnownFileType = sourcecode.swift; path = spayUITests.swift; sourceTree = "<group>"; };
		745A72A52309E2330000C436 /* Info.plist */ = {isa = PBXFileReference; lastKnownFileType = text.plist.xml; path = Info.plist; sourceTree = "<group>"; };
		74E98E4D2309F0D900EB41E0 /* APISubscription.swift */ = {isa = PBXFileReference; fileEncoding = 4; lastKnownFileType = sourcecode.swift; path = APISubscription.swift; sourceTree = "<group>"; };
		74E98E4E2309F0D900EB41E0 /* NetworkTypes.swift */ = {isa = PBXFileReference; fileEncoding = 4; lastKnownFileType = sourcecode.swift; path = NetworkTypes.swift; sourceTree = "<group>"; };
		74E98E4F2309F0D900EB41E0 /* NetworkProtocols.swift */ = {isa = PBXFileReference; fileEncoding = 4; lastKnownFileType = sourcecode.swift; path = NetworkProtocols.swift; sourceTree = "<group>"; };
		74E98E522309F0D900EB41E0 /* NetworkError.swift */ = {isa = PBXFileReference; fileEncoding = 4; lastKnownFileType = sourcecode.swift; path = NetworkError.swift; sourceTree = "<group>"; };
		74E98E532309F0D900EB41E0 /* DispatchWorkItemSubscription.swift */ = {isa = PBXFileReference; fileEncoding = 4; lastKnownFileType = sourcecode.swift; path = DispatchWorkItemSubscription.swift; sourceTree = "<group>"; };
		74E98E5D2309F1C400EB41E0 /* APIRequestProtocols.swift */ = {isa = PBXFileReference; fileEncoding = 4; lastKnownFileType = sourcecode.swift; path = APIRequestProtocols.swift; sourceTree = "<group>"; };
		74E98E5E2309F1C400EB41E0 /* APIRequestPerformerFactory.swift */ = {isa = PBXFileReference; fileEncoding = 4; lastKnownFileType = sourcecode.swift; path = APIRequestPerformerFactory.swift; sourceTree = "<group>"; };
		74E98E5F2309F1C400EB41E0 /* APIRequestBuilder.swift */ = {isa = PBXFileReference; fileEncoding = 4; lastKnownFileType = sourcecode.swift; path = APIRequestBuilder.swift; sourceTree = "<group>"; };
		74E98E602309F1C400EB41E0 /* APIRequest.swift */ = {isa = PBXFileReference; fileEncoding = 4; lastKnownFileType = sourcecode.swift; path = APIRequest.swift; sourceTree = "<group>"; };
		74E98E612309F1C400EB41E0 /* APIRequestPerformer.swift */ = {isa = PBXFileReference; fileEncoding = 4; lastKnownFileType = sourcecode.swift; path = APIRequestPerformer.swift; sourceTree = "<group>"; };
		74E98E682309F21200EB41E0 /* APIResponse.swift */ = {isa = PBXFileReference; fileEncoding = 4; lastKnownFileType = sourcecode.swift; path = APIResponse.swift; sourceTree = "<group>"; };
		74E98E692309F21200EB41E0 /* ResponseProtocols.swift */ = {isa = PBXFileReference; fileEncoding = 4; lastKnownFileType = sourcecode.swift; path = ResponseProtocols.swift; sourceTree = "<group>"; };
		74E98E6D2309F29100EB41E0 /* APIPerformer.swift */ = {isa = PBXFileReference; fileEncoding = 4; lastKnownFileType = sourcecode.swift; path = APIPerformer.swift; sourceTree = "<group>"; };
		74E98E702309F9BC00EB41E0 /* LogAccessLevel.swift */ = {isa = PBXFileReference; fileEncoding = 4; lastKnownFileType = sourcecode.swift; path = LogAccessLevel.swift; sourceTree = "<group>"; };
		74E98E712309F9BC00EB41E0 /* LogType.swift */ = {isa = PBXFileReference; fileEncoding = 4; lastKnownFileType = sourcecode.swift; path = LogType.swift; sourceTree = "<group>"; };
		74E98E722309F9BC00EB41E0 /* LogCategory.swift */ = {isa = PBXFileReference; fileEncoding = 4; lastKnownFileType = sourcecode.swift; path = LogCategory.swift; sourceTree = "<group>"; };
		74E98E762309FA2A00EB41E0 /* OSLogger.swift */ = {isa = PBXFileReference; fileEncoding = 4; lastKnownFileType = sourcecode.swift; path = OSLogger.swift; sourceTree = "<group>"; };
		A4E937A5CCCE76AA5468DB1D /* Pods-spayTests.debug.xcconfig */ = {isa = PBXFileReference; includeInIndex = 1; lastKnownFileType = text.xcconfig; name = "Pods-spayTests.debug.xcconfig"; path = "Target Support Files/Pods-spayTests/Pods-spayTests.debug.xcconfig"; sourceTree = "<group>"; };
		B253ACC4A13B560AEEA02F02 /* Pods-spay.release.xcconfig */ = {isa = PBXFileReference; includeInIndex = 1; lastKnownFileType = text.xcconfig; name = "Pods-spay.release.xcconfig"; path = "Target Support Files/Pods-spay/Pods-spay.release.xcconfig"; sourceTree = "<group>"; };
		D19A598D940E01299A7EDF9C /* Pods_spay.framework */ = {isa = PBXFileReference; explicitFileType = wrapper.framework; includeInIndex = 0; path = Pods_spay.framework; sourceTree = BUILT_PRODUCTS_DIR; };
		DC657C7E3227554F4D336498 /* Pods_spayTests.framework */ = {isa = PBXFileReference; explicitFileType = wrapper.framework; includeInIndex = 0; path = Pods_spayTests.framework; sourceTree = BUILT_PRODUCTS_DIR; };
/* End PBXFileReference section */

/* Begin PBXFrameworksBuildPhase section */
		745A727A2309E2320000C436 /* Frameworks */ = {
			isa = PBXFrameworksBuildPhase;
			buildActionMask = 2147483647;
			files = (
				CBEE61E01A2A3EA6E97C8FB9 /* Pods_spay.framework in Frameworks */,
			);
			runOnlyForDeploymentPostprocessing = 0;
		};
		745A72912309E2330000C436 /* Frameworks */ = {
			isa = PBXFrameworksBuildPhase;
			buildActionMask = 2147483647;
			files = (
				5C9DDD06887B6155A33780F1 /* Pods_spayTests.framework in Frameworks */,
			);
			runOnlyForDeploymentPostprocessing = 0;
		};
		745A729C2309E2330000C436 /* Frameworks */ = {
			isa = PBXFrameworksBuildPhase;
			buildActionMask = 2147483647;
			files = (
				A840BB6465BB2DA1CD25385E /* Pods_spayUITests.framework in Frameworks */,
			);
			runOnlyForDeploymentPostprocessing = 0;
		};
/* End PBXFrameworksBuildPhase section */

/* Begin PBXGroup section */
		745A72742309E2320000C436 = {
			isa = PBXGroup;
			children = (
				745A727F2309E2320000C436 /* spay */,
				745A72972309E2330000C436 /* spayTests */,
				745A72A22309E2330000C436 /* spayUITests */,
				745A727E2309E2320000C436 /* Products */,
				B012FB7B15F4C85EDF0E3403 /* Pods */,
				E21651271FCE88450353E5E1 /* Frameworks */,
			);
			sourceTree = "<group>";
		};
		745A727E2309E2320000C436 /* Products */ = {
			isa = PBXGroup;
			children = (
				745A727D2309E2320000C436 /* spay.app */,
				745A72942309E2330000C436 /* spayTests.xctest */,
				745A729F2309E2330000C436 /* spayUITests.xctest */,
			);
			name = Products;
			sourceTree = "<group>";
		};
		745A727F2309E2320000C436 /* spay */ = {
			isa = PBXGroup;
			children = (
				745A728F2309E2330000C436 /* Info.plist */,
				745A72802309E2320000C436 /* AppDelegate.swift */,
				745A72822309E2320000C436 /* ViewController.swift */,
				745A728A2309E2330000C436 /* Assets.xcassets */,
				745A728C2309E2330000C436 /* LaunchScreen.storyboard */,
				745A72842309E2320000C436 /* Main.storyboard */,
				745A72B12309EF7B0000C436 /* Network Manager */,
				74E98E78230B005500EB41E0 /* Utilities */,
			);
			path = spay;
			sourceTree = "<group>";
		};
		745A72972309E2330000C436 /* spayTests */ = {
			isa = PBXGroup;
			children = (
				745A72982309E2330000C436 /* spayTests.swift */,
				745A729A2309E2330000C436 /* Info.plist */,
			);
			path = spayTests;
			sourceTree = "<group>";
		};
		745A72A22309E2330000C436 /* spayUITests */ = {
			isa = PBXGroup;
			children = (
				745A72A32309E2330000C436 /* spayUITests.swift */,
				745A72A52309E2330000C436 /* Info.plist */,
			);
			path = spayUITests;
			sourceTree = "<group>";
		};
		745A72B12309EF7B0000C436 /* Network Manager */ = {
			isa = PBXGroup;
			children = (
				74E98E4D2309F0D900EB41E0 /* APISubscription.swift */,
				74E98E532309F0D900EB41E0 /* DispatchWorkItemSubscription.swift */,
				74E98E522309F0D900EB41E0 /* NetworkError.swift */,
				74E98E4F2309F0D900EB41E0 /* NetworkProtocols.swift */,
				74E98E4E2309F0D900EB41E0 /* NetworkTypes.swift */,
				74E98E6C2309F25700EB41E0 /* API Performer */,
				74E98E5C2309F16A00EB41E0 /* Request */,
				74E98E672309F1CA00EB41E0 /* Response */,
			);
			path = "Network Manager";
			sourceTree = "<group>";
		};
		74E98E5C2309F16A00EB41E0 /* Request */ = {
			isa = PBXGroup;
			children = (
				74E98E602309F1C400EB41E0 /* APIRequest.swift */,
				74E98E5F2309F1C400EB41E0 /* APIRequestBuilder.swift */,
				74E98E612309F1C400EB41E0 /* APIRequestPerformer.swift */,
				74E98E5E2309F1C400EB41E0 /* APIRequestPerformerFactory.swift */,
				74E98E5D2309F1C400EB41E0 /* APIRequestProtocols.swift */,
			);
			path = Request;
			sourceTree = "<group>";
		};
		74E98E672309F1CA00EB41E0 /* Response */ = {
			isa = PBXGroup;
			children = (
				74E98E682309F21200EB41E0 /* APIResponse.swift */,
				74E98E692309F21200EB41E0 /* ResponseProtocols.swift */,
			);
			path = Response;
			sourceTree = "<group>";
		};
		74E98E6C2309F25700EB41E0 /* API Performer */ = {
			isa = PBXGroup;
			children = (
				74E98E6D2309F29100EB41E0 /* APIPerformer.swift */,
			);
			path = "API Performer";
			sourceTree = "<group>";
		};
		74E98E6F2309F88900EB41E0 /* Log */ = {
			isa = PBXGroup;
			children = (
				74E98E702309F9BC00EB41E0 /* LogAccessLevel.swift */,
				74E98E722309F9BC00EB41E0 /* LogCategory.swift */,
				74E98E712309F9BC00EB41E0 /* LogType.swift */,
				74E98E762309FA2A00EB41E0 /* OSLogger.swift */,
			);
			path = Log;
			sourceTree = "<group>";
		};
		74E98E78230B005500EB41E0 /* Utilities */ = {
			isa = PBXGroup;
			children = (
				74E98E6F2309F88900EB41E0 /* Log */,
			);
			path = Utilities;
			sourceTree = "<group>";
		};
		B012FB7B15F4C85EDF0E3403 /* Pods */ = {
			isa = PBXGroup;
			children = (
				63F9252241EF7A24960509AB /* Pods-spay.debug.xcconfig */,
				B253ACC4A13B560AEEA02F02 /* Pods-spay.release.xcconfig */,
				A4E937A5CCCE76AA5468DB1D /* Pods-spayTests.debug.xcconfig */,
				3FDC54364B2599A830323D42 /* Pods-spayTests.release.xcconfig */,
				03E1659D3A206BB68C546B2B /* Pods-spayUITests.debug.xcconfig */,
				10148B4E36E5C92286CA5A1E /* Pods-spayUITests.release.xcconfig */,
			);
			path = Pods;
			sourceTree = "<group>";
		};
		E21651271FCE88450353E5E1 /* Frameworks */ = {
			isa = PBXGroup;
			children = (
				D19A598D940E01299A7EDF9C /* Pods_spay.framework */,
				DC657C7E3227554F4D336498 /* Pods_spayTests.framework */,
				643CD1F6FF549F27DA013C42 /* Pods_spayUITests.framework */,
			);
			name = Frameworks;
			sourceTree = "<group>";
		};
/* End PBXGroup section */

/* Begin PBXNativeTarget section */
		745A727C2309E2320000C436 /* spay */ = {
			isa = PBXNativeTarget;
			buildConfigurationList = 745A72A82309E2330000C436 /* Build configuration list for PBXNativeTarget "spay" */;
			buildPhases = (
				4891545F5931BDC722981F6D /* [CP] Check Pods Manifest.lock */,
				745A72792309E2320000C436 /* Sources */,
				745A727A2309E2320000C436 /* Frameworks */,
				745A727B2309E2320000C436 /* Resources */,
				8094901F51F92445C819408B /* [CP] Embed Pods Frameworks */,
			);
			buildRules = (
			);
			dependencies = (
			);
			name = spay;
			productName = spay;
			productReference = 745A727D2309E2320000C436 /* spay.app */;
			productType = "com.apple.product-type.application";
		};
		745A72932309E2330000C436 /* spayTests */ = {
			isa = PBXNativeTarget;
			buildConfigurationList = 745A72AB2309E2330000C436 /* Build configuration list for PBXNativeTarget "spayTests" */;
			buildPhases = (
				54FD0D5A6A0B85B8EF3E8305 /* [CP] Check Pods Manifest.lock */,
				745A72902309E2330000C436 /* Sources */,
				745A72912309E2330000C436 /* Frameworks */,
				745A72922309E2330000C436 /* Resources */,
				8113604592597F3587627EB7 /* [CP] Embed Pods Frameworks */,
			);
			buildRules = (
			);
			dependencies = (
				745A72962309E2330000C436 /* PBXTargetDependency */,
			);
			name = spayTests;
			productName = spayTests;
			productReference = 745A72942309E2330000C436 /* spayTests.xctest */;
			productType = "com.apple.product-type.bundle.unit-test";
		};
		745A729E2309E2330000C436 /* spayUITests */ = {
			isa = PBXNativeTarget;
			buildConfigurationList = 745A72AE2309E2330000C436 /* Build configuration list for PBXNativeTarget "spayUITests" */;
			buildPhases = (
				82D7ED653F51954604FC5A98 /* [CP] Check Pods Manifest.lock */,
				745A729B2309E2330000C436 /* Sources */,
				745A729C2309E2330000C436 /* Frameworks */,
				745A729D2309E2330000C436 /* Resources */,
			);
			buildRules = (
			);
			dependencies = (
				745A72A12309E2330000C436 /* PBXTargetDependency */,
			);
			name = spayUITests;
			productName = spayUITests;
			productReference = 745A729F2309E2330000C436 /* spayUITests.xctest */;
			productType = "com.apple.product-type.bundle.ui-testing";
		};
/* End PBXNativeTarget section */

/* Begin PBXProject section */
		745A72752309E2320000C436 /* Project object */ = {
			isa = PBXProject;
			attributes = {
				LastSwiftUpdateCheck = 1030;
				LastUpgradeCheck = 1030;
				ORGANIZATIONNAME = "Pasini, Nicolò";
				TargetAttributes = {
					745A727C2309E2320000C436 = {
						CreatedOnToolsVersion = 10.3;
					};
					745A72932309E2330000C436 = {
						CreatedOnToolsVersion = 10.3;
						TestTargetID = 745A727C2309E2320000C436;
					};
					745A729E2309E2330000C436 = {
						CreatedOnToolsVersion = 10.3;
						TestTargetID = 745A727C2309E2320000C436;
					};
				};
			};
			buildConfigurationList = 745A72782309E2320000C436 /* Build configuration list for PBXProject "spay" */;
			compatibilityVersion = "Xcode 9.3";
			developmentRegion = en;
			hasScannedForEncodings = 0;
			knownRegions = (
				en,
				Base,
			);
			mainGroup = 745A72742309E2320000C436;
			productRefGroup = 745A727E2309E2320000C436 /* Products */;
			projectDirPath = "";
			projectRoot = "";
			targets = (
				745A727C2309E2320000C436 /* spay */,
				745A72932309E2330000C436 /* spayTests */,
				745A729E2309E2330000C436 /* spayUITests */,
			);
		};
/* End PBXProject section */

/* Begin PBXResourcesBuildPhase section */
		745A727B2309E2320000C436 /* Resources */ = {
			isa = PBXResourcesBuildPhase;
			buildActionMask = 2147483647;
			files = (
				745A728E2309E2330000C436 /* LaunchScreen.storyboard in Resources */,
				745A728B2309E2330000C436 /* Assets.xcassets in Resources */,
				745A72862309E2320000C436 /* Main.storyboard in Resources */,
			);
			runOnlyForDeploymentPostprocessing = 0;
		};
		745A72922309E2330000C436 /* Resources */ = {
			isa = PBXResourcesBuildPhase;
			buildActionMask = 2147483647;
			files = (
			);
			runOnlyForDeploymentPostprocessing = 0;
		};
		745A729D2309E2330000C436 /* Resources */ = {
			isa = PBXResourcesBuildPhase;
			buildActionMask = 2147483647;
			files = (
			);
			runOnlyForDeploymentPostprocessing = 0;
		};
/* End PBXResourcesBuildPhase section */

/* Begin PBXShellScriptBuildPhase section */
		4891545F5931BDC722981F6D /* [CP] Check Pods Manifest.lock */ = {
			isa = PBXShellScriptBuildPhase;
			buildActionMask = 2147483647;
			files = (
			);
			inputFileListPaths = (
			);
			inputPaths = (
				"${PODS_PODFILE_DIR_PATH}/Podfile.lock",
				"${PODS_ROOT}/Manifest.lock",
			);
			name = "[CP] Check Pods Manifest.lock";
			outputFileListPaths = (
			);
			outputPaths = (
				"$(DERIVED_FILE_DIR)/Pods-spay-checkManifestLockResult.txt",
			);
			runOnlyForDeploymentPostprocessing = 0;
			shellPath = /bin/sh;
			shellScript = "diff \"${PODS_PODFILE_DIR_PATH}/Podfile.lock\" \"${PODS_ROOT}/Manifest.lock\" > /dev/null\nif [ $? != 0 ] ; then\n    # print error to STDERR\n    echo \"error: The sandbox is not in sync with the Podfile.lock. Run 'pod install' or update your CocoaPods installation.\" >&2\n    exit 1\nfi\n# This output is used by Xcode 'outputs' to avoid re-running this script phase.\necho \"SUCCESS\" > \"${SCRIPT_OUTPUT_FILE_0}\"\n";
			showEnvVarsInLog = 0;
		};
		54FD0D5A6A0B85B8EF3E8305 /* [CP] Check Pods Manifest.lock */ = {
			isa = PBXShellScriptBuildPhase;
			buildActionMask = 2147483647;
			files = (
			);
			inputFileListPaths = (
			);
			inputPaths = (
				"${PODS_PODFILE_DIR_PATH}/Podfile.lock",
				"${PODS_ROOT}/Manifest.lock",
			);
			name = "[CP] Check Pods Manifest.lock";
			outputFileListPaths = (
			);
			outputPaths = (
				"$(DERIVED_FILE_DIR)/Pods-spayTests-checkManifestLockResult.txt",
			);
			runOnlyForDeploymentPostprocessing = 0;
			shellPath = /bin/sh;
			shellScript = "diff \"${PODS_PODFILE_DIR_PATH}/Podfile.lock\" \"${PODS_ROOT}/Manifest.lock\" > /dev/null\nif [ $? != 0 ] ; then\n    # print error to STDERR\n    echo \"error: The sandbox is not in sync with the Podfile.lock. Run 'pod install' or update your CocoaPods installation.\" >&2\n    exit 1\nfi\n# This output is used by Xcode 'outputs' to avoid re-running this script phase.\necho \"SUCCESS\" > \"${SCRIPT_OUTPUT_FILE_0}\"\n";
			showEnvVarsInLog = 0;
		};
		8094901F51F92445C819408B /* [CP] Embed Pods Frameworks */ = {
			isa = PBXShellScriptBuildPhase;
			buildActionMask = 2147483647;
			files = (
			);
			inputFileListPaths = (
			);
			inputPaths = (
				"${PODS_ROOT}/Target Support Files/Pods-spay/Pods-spay-frameworks.sh",
				"${BUILT_PRODUCTS_DIR}/ReactiveCocoa/ReactiveCocoa.framework",
				"${BUILT_PRODUCTS_DIR}/ReactiveSwift/ReactiveSwift.framework",
				"${BUILT_PRODUCTS_DIR}/Result/Result.framework",
				"${BUILT_PRODUCTS_DIR}/SDWebImage/SDWebImage.framework",
				"${BUILT_PRODUCTS_DIR}/Swinject/Swinject.framework",
			);
			name = "[CP] Embed Pods Frameworks";
			outputFileListPaths = (
			);
			outputPaths = (
				"${TARGET_BUILD_DIR}/${FRAMEWORKS_FOLDER_PATH}/ReactiveCocoa.framework",
				"${TARGET_BUILD_DIR}/${FRAMEWORKS_FOLDER_PATH}/ReactiveSwift.framework",
				"${TARGET_BUILD_DIR}/${FRAMEWORKS_FOLDER_PATH}/Result.framework",
				"${TARGET_BUILD_DIR}/${FRAMEWORKS_FOLDER_PATH}/SDWebImage.framework",
				"${TARGET_BUILD_DIR}/${FRAMEWORKS_FOLDER_PATH}/Swinject.framework",
			);
			runOnlyForDeploymentPostprocessing = 0;
			shellPath = /bin/sh;
			shellScript = "\"${PODS_ROOT}/Target Support Files/Pods-spay/Pods-spay-frameworks.sh\"\n";
			showEnvVarsInLog = 0;
		};
		8113604592597F3587627EB7 /* [CP] Embed Pods Frameworks */ = {
			isa = PBXShellScriptBuildPhase;
			buildActionMask = 2147483647;
			files = (
			);
			inputFileListPaths = (
			);
			inputPaths = (
				"${PODS_ROOT}/Target Support Files/Pods-spayTests/Pods-spayTests-frameworks.sh",
				"${BUILT_PRODUCTS_DIR}/Nimble/Nimble.framework",
				"${BUILT_PRODUCTS_DIR}/Quick/Quick.framework",
			);
			name = "[CP] Embed Pods Frameworks";
			outputFileListPaths = (
			);
			outputPaths = (
				"${TARGET_BUILD_DIR}/${FRAMEWORKS_FOLDER_PATH}/Nimble.framework",
				"${TARGET_BUILD_DIR}/${FRAMEWORKS_FOLDER_PATH}/Quick.framework",
			);
			runOnlyForDeploymentPostprocessing = 0;
			shellPath = /bin/sh;
			shellScript = "\"${PODS_ROOT}/Target Support Files/Pods-spayTests/Pods-spayTests-frameworks.sh\"\n";
			showEnvVarsInLog = 0;
		};
		82D7ED653F51954604FC5A98 /* [CP] Check Pods Manifest.lock */ = {
			isa = PBXShellScriptBuildPhase;
			buildActionMask = 2147483647;
			files = (
			);
			inputFileListPaths = (
			);
			inputPaths = (
				"${PODS_PODFILE_DIR_PATH}/Podfile.lock",
				"${PODS_ROOT}/Manifest.lock",
			);
			name = "[CP] Check Pods Manifest.lock";
			outputFileListPaths = (
			);
			outputPaths = (
				"$(DERIVED_FILE_DIR)/Pods-spayUITests-checkManifestLockResult.txt",
			);
			runOnlyForDeploymentPostprocessing = 0;
			shellPath = /bin/sh;
			shellScript = "diff \"${PODS_PODFILE_DIR_PATH}/Podfile.lock\" \"${PODS_ROOT}/Manifest.lock\" > /dev/null\nif [ $? != 0 ] ; then\n    # print error to STDERR\n    echo \"error: The sandbox is not in sync with the Podfile.lock. Run 'pod install' or update your CocoaPods installation.\" >&2\n    exit 1\nfi\n# This output is used by Xcode 'outputs' to avoid re-running this script phase.\necho \"SUCCESS\" > \"${SCRIPT_OUTPUT_FILE_0}\"\n";
			showEnvVarsInLog = 0;
		};
/* End PBXShellScriptBuildPhase section */

/* Begin PBXSourcesBuildPhase section */
		745A72792309E2320000C436 /* Sources */ = {
			isa = PBXSourcesBuildPhase;
			buildActionMask = 2147483647;
			files = (
				74E98E572309F0D900EB41E0 /* NetworkProtocols.swift in Sources */,
				74E98E622309F1C400EB41E0 /* APIRequestProtocols.swift in Sources */,
				74E98E662309F1C400EB41E0 /* APIRequestPerformer.swift in Sources */,
				74E98E5A2309F0D900EB41E0 /* NetworkError.swift in Sources */,
				74E98E642309F1C400EB41E0 /* APIRequestBuilder.swift in Sources */,
				745A72832309E2320000C436 /* ViewController.swift in Sources */,
				74E98E562309F0D900EB41E0 /* NetworkTypes.swift in Sources */,
				74E98E772309FA2A00EB41E0 /* OSLogger.swift in Sources */,
				74E98E732309F9BC00EB41E0 /* LogAccessLevel.swift in Sources */,
				74E98E742309F9BC00EB41E0 /* LogType.swift in Sources */,
				74E98E6A2309F21200EB41E0 /* APIResponse.swift in Sources */,
				74E98E5B2309F0D900EB41E0 /* DispatchWorkItemSubscription.swift in Sources */,
				74E98E6E2309F29100EB41E0 /* APIPerformer.swift in Sources */,
				74E98E632309F1C400EB41E0 /* APIRequestPerformerFactory.swift in Sources */,
				74E98E6B2309F21200EB41E0 /* ResponseProtocols.swift in Sources */,
				745A72812309E2320000C436 /* AppDelegate.swift in Sources */,
				74E98E752309F9BC00EB41E0 /* LogCategory.swift in Sources */,
				74E98E652309F1C400EB41E0 /* APIRequest.swift in Sources */,
				74E98E552309F0D900EB41E0 /* APISubscription.swift in Sources */,
			);
			runOnlyForDeploymentPostprocessing = 0;
		};
		745A72902309E2330000C436 /* Sources */ = {
			isa = PBXSourcesBuildPhase;
			buildActionMask = 2147483647;
			files = (
				745A72992309E2330000C436 /* spayTests.swift in Sources */,
			);
			runOnlyForDeploymentPostprocessing = 0;
		};
		745A729B2309E2330000C436 /* Sources */ = {
			isa = PBXSourcesBuildPhase;
			buildActionMask = 2147483647;
			files = (
				745A72A42309E2330000C436 /* spayUITests.swift in Sources */,
			);
			runOnlyForDeploymentPostprocessing = 0;
		};
/* End PBXSourcesBuildPhase section */

/* Begin PBXTargetDependency section */
		745A72962309E2330000C436 /* PBXTargetDependency */ = {
			isa = PBXTargetDependency;
			target = 745A727C2309E2320000C436 /* spay */;
			targetProxy = 745A72952309E2330000C436 /* PBXContainerItemProxy */;
		};
		745A72A12309E2330000C436 /* PBXTargetDependency */ = {
			isa = PBXTargetDependency;
			target = 745A727C2309E2320000C436 /* spay */;
			targetProxy = 745A72A02309E2330000C436 /* PBXContainerItemProxy */;
		};
/* End PBXTargetDependency section */

/* Begin PBXVariantGroup section */
		745A72842309E2320000C436 /* Main.storyboard */ = {
			isa = PBXVariantGroup;
			children = (
				745A72852309E2320000C436 /* Base */,
			);
			name = Main.storyboard;
			sourceTree = "<group>";
		};
		745A728C2309E2330000C436 /* LaunchScreen.storyboard */ = {
			isa = PBXVariantGroup;
			children = (
				745A728D2309E2330000C436 /* Base */,
			);
			name = LaunchScreen.storyboard;
			sourceTree = "<group>";
		};
/* End PBXVariantGroup section */

/* Begin XCBuildConfiguration section */
		745A72A62309E2330000C436 /* Debug */ = {
			isa = XCBuildConfiguration;
			buildSettings = {
				ALWAYS_SEARCH_USER_PATHS = NO;
				CLANG_ANALYZER_NONNULL = YES;
				CLANG_ANALYZER_NUMBER_OBJECT_CONVERSION = YES_AGGRESSIVE;
				CLANG_CXX_LANGUAGE_STANDARD = "gnu++14";
				CLANG_CXX_LIBRARY = "libc++";
				CLANG_ENABLE_MODULES = YES;
				CLANG_ENABLE_OBJC_ARC = YES;
				CLANG_ENABLE_OBJC_WEAK = YES;
				CLANG_WARN_BLOCK_CAPTURE_AUTORELEASING = YES;
				CLANG_WARN_BOOL_CONVERSION = YES;
				CLANG_WARN_COMMA = YES;
				CLANG_WARN_CONSTANT_CONVERSION = YES;
				CLANG_WARN_DEPRECATED_OBJC_IMPLEMENTATIONS = YES;
				CLANG_WARN_DIRECT_OBJC_ISA_USAGE = YES_ERROR;
				CLANG_WARN_DOCUMENTATION_COMMENTS = YES;
				CLANG_WARN_EMPTY_BODY = YES;
				CLANG_WARN_ENUM_CONVERSION = YES;
				CLANG_WARN_INFINITE_RECURSION = YES;
				CLANG_WARN_INT_CONVERSION = YES;
				CLANG_WARN_NON_LITERAL_NULL_CONVERSION = YES;
				CLANG_WARN_OBJC_IMPLICIT_RETAIN_SELF = YES;
				CLANG_WARN_OBJC_LITERAL_CONVERSION = YES;
				CLANG_WARN_OBJC_ROOT_CLASS = YES_ERROR;
				CLANG_WARN_RANGE_LOOP_ANALYSIS = YES;
				CLANG_WARN_STRICT_PROTOTYPES = YES;
				CLANG_WARN_SUSPICIOUS_MOVE = YES;
				CLANG_WARN_UNGUARDED_AVAILABILITY = YES_AGGRESSIVE;
				CLANG_WARN_UNREACHABLE_CODE = YES;
				CLANG_WARN__DUPLICATE_METHOD_MATCH = YES;
				CODE_SIGN_IDENTITY = "iPhone Developer";
				COPY_PHASE_STRIP = NO;
				DEBUG_INFORMATION_FORMAT = dwarf;
				ENABLE_STRICT_OBJC_MSGSEND = YES;
				ENABLE_TESTABILITY = YES;
				GCC_C_LANGUAGE_STANDARD = gnu11;
				GCC_DYNAMIC_NO_PIC = NO;
				GCC_NO_COMMON_BLOCKS = YES;
				GCC_OPTIMIZATION_LEVEL = 0;
				GCC_PREPROCESSOR_DEFINITIONS = (
					"DEBUG=1",
					"$(inherited)",
				);
				GCC_WARN_64_TO_32_BIT_CONVERSION = YES;
				GCC_WARN_ABOUT_RETURN_TYPE = YES_ERROR;
				GCC_WARN_UNDECLARED_SELECTOR = YES;
				GCC_WARN_UNINITIALIZED_AUTOS = YES_AGGRESSIVE;
				GCC_WARN_UNUSED_FUNCTION = YES;
				GCC_WARN_UNUSED_VARIABLE = YES;
				IPHONEOS_DEPLOYMENT_TARGET = 12.4;
				MTL_ENABLE_DEBUG_INFO = INCLUDE_SOURCE;
				MTL_FAST_MATH = YES;
				ONLY_ACTIVE_ARCH = YES;
				SDKROOT = iphoneos;
				SWIFT_ACTIVE_COMPILATION_CONDITIONS = DEBUG;
				SWIFT_OPTIMIZATION_LEVEL = "-Onone";
			};
			name = Debug;
		};
		745A72A72309E2330000C436 /* Release */ = {
			isa = XCBuildConfiguration;
			buildSettings = {
				ALWAYS_SEARCH_USER_PATHS = NO;
				CLANG_ANALYZER_NONNULL = YES;
				CLANG_ANALYZER_NUMBER_OBJECT_CONVERSION = YES_AGGRESSIVE;
				CLANG_CXX_LANGUAGE_STANDARD = "gnu++14";
				CLANG_CXX_LIBRARY = "libc++";
				CLANG_ENABLE_MODULES = YES;
				CLANG_ENABLE_OBJC_ARC = YES;
				CLANG_ENABLE_OBJC_WEAK = YES;
				CLANG_WARN_BLOCK_CAPTURE_AUTORELEASING = YES;
				CLANG_WARN_BOOL_CONVERSION = YES;
				CLANG_WARN_COMMA = YES;
				CLANG_WARN_CONSTANT_CONVERSION = YES;
				CLANG_WARN_DEPRECATED_OBJC_IMPLEMENTATIONS = YES;
				CLANG_WARN_DIRECT_OBJC_ISA_USAGE = YES_ERROR;
				CLANG_WARN_DOCUMENTATION_COMMENTS = YES;
				CLANG_WARN_EMPTY_BODY = YES;
				CLANG_WARN_ENUM_CONVERSION = YES;
				CLANG_WARN_INFINITE_RECURSION = YES;
				CLANG_WARN_INT_CONVERSION = YES;
				CLANG_WARN_NON_LITERAL_NULL_CONVERSION = YES;
				CLANG_WARN_OBJC_IMPLICIT_RETAIN_SELF = YES;
				CLANG_WARN_OBJC_LITERAL_CONVERSION = YES;
				CLANG_WARN_OBJC_ROOT_CLASS = YES_ERROR;
				CLANG_WARN_RANGE_LOOP_ANALYSIS = YES;
				CLANG_WARN_STRICT_PROTOTYPES = YES;
				CLANG_WARN_SUSPICIOUS_MOVE = YES;
				CLANG_WARN_UNGUARDED_AVAILABILITY = YES_AGGRESSIVE;
				CLANG_WARN_UNREACHABLE_CODE = YES;
				CLANG_WARN__DUPLICATE_METHOD_MATCH = YES;
				CODE_SIGN_IDENTITY = "iPhone Developer";
				COPY_PHASE_STRIP = NO;
				DEBUG_INFORMATION_FORMAT = "dwarf-with-dsym";
				ENABLE_NS_ASSERTIONS = NO;
				ENABLE_STRICT_OBJC_MSGSEND = YES;
				GCC_C_LANGUAGE_STANDARD = gnu11;
				GCC_NO_COMMON_BLOCKS = YES;
				GCC_WARN_64_TO_32_BIT_CONVERSION = YES;
				GCC_WARN_ABOUT_RETURN_TYPE = YES_ERROR;
				GCC_WARN_UNDECLARED_SELECTOR = YES;
				GCC_WARN_UNINITIALIZED_AUTOS = YES_AGGRESSIVE;
				GCC_WARN_UNUSED_FUNCTION = YES;
				GCC_WARN_UNUSED_VARIABLE = YES;
				IPHONEOS_DEPLOYMENT_TARGET = 12.4;
				MTL_ENABLE_DEBUG_INFO = NO;
				MTL_FAST_MATH = YES;
				SDKROOT = iphoneos;
				SWIFT_COMPILATION_MODE = wholemodule;
				SWIFT_OPTIMIZATION_LEVEL = "-O";
				VALIDATE_PRODUCT = YES;
			};
			name = Release;
		};
		745A72A92309E2330000C436 /* Debug */ = {
			isa = XCBuildConfiguration;
			baseConfigurationReference = 63F9252241EF7A24960509AB /* Pods-spay.debug.xcconfig */;
			buildSettings = {
				ASSETCATALOG_COMPILER_APPICON_NAME = AppIcon;
				CODE_SIGN_STYLE = Automatic;
				DEVELOPMENT_TEAM = 93FSRYEFUM;
				INFOPLIST_FILE = spay/Info.plist;
				LD_RUNPATH_SEARCH_PATHS = (
					"$(inherited)",
					"@executable_path/Frameworks",
				);
				PRODUCT_BUNDLE_IDENTIFIER = pasini.spay;
				PRODUCT_NAME = "$(TARGET_NAME)";
				SWIFT_VERSION = 5.0;
				TARGETED_DEVICE_FAMILY = "1,2";
			};
			name = Debug;
		};
		745A72AA2309E2330000C436 /* Release */ = {
			isa = XCBuildConfiguration;
			baseConfigurationReference = B253ACC4A13B560AEEA02F02 /* Pods-spay.release.xcconfig */;
			buildSettings = {
				ASSETCATALOG_COMPILER_APPICON_NAME = AppIcon;
				CODE_SIGN_STYLE = Automatic;
				DEVELOPMENT_TEAM = 93FSRYEFUM;
				INFOPLIST_FILE = spay/Info.plist;
				LD_RUNPATH_SEARCH_PATHS = (
					"$(inherited)",
					"@executable_path/Frameworks",
				);
				PRODUCT_BUNDLE_IDENTIFIER = pasini.spay;
				PRODUCT_NAME = "$(TARGET_NAME)";
				SWIFT_VERSION = 5.0;
				TARGETED_DEVICE_FAMILY = "1,2";
			};
			name = Release;
		};
		745A72AC2309E2330000C436 /* Debug */ = {
			isa = XCBuildConfiguration;
			baseConfigurationReference = A4E937A5CCCE76AA5468DB1D /* Pods-spayTests.debug.xcconfig */;
			buildSettings = {
				ALWAYS_EMBED_SWIFT_STANDARD_LIBRARIES = "$(inherited)";
				BUNDLE_LOADER = "$(TEST_HOST)";
				CODE_SIGN_STYLE = Automatic;
				DEVELOPMENT_TEAM = 93FSRYEFUM;
				INFOPLIST_FILE = spayTests/Info.plist;
				LD_RUNPATH_SEARCH_PATHS = (
					"$(inherited)",
					"@executable_path/Frameworks",
					"@loader_path/Frameworks",
				);
				PRODUCT_BUNDLE_IDENTIFIER = pasini.spayTests;
				PRODUCT_NAME = "$(TARGET_NAME)";
				SWIFT_VERSION = 5.0;
				TARGETED_DEVICE_FAMILY = "1,2";
				TEST_HOST = "$(BUILT_PRODUCTS_DIR)/spay.app/spay";
			};
			name = Debug;
		};
		745A72AD2309E2330000C436 /* Release */ = {
			isa = XCBuildConfiguration;
			baseConfigurationReference = 3FDC54364B2599A830323D42 /* Pods-spayTests.release.xcconfig */;
			buildSettings = {
				ALWAYS_EMBED_SWIFT_STANDARD_LIBRARIES = "$(inherited)";
				BUNDLE_LOADER = "$(TEST_HOST)";
				CODE_SIGN_STYLE = Automatic;
				DEVELOPMENT_TEAM = 93FSRYEFUM;
				INFOPLIST_FILE = spayTests/Info.plist;
				LD_RUNPATH_SEARCH_PATHS = (
					"$(inherited)",
					"@executable_path/Frameworks",
					"@loader_path/Frameworks",
				);
				PRODUCT_BUNDLE_IDENTIFIER = pasini.spayTests;
				PRODUCT_NAME = "$(TARGET_NAME)";
				SWIFT_VERSION = 5.0;
				TARGETED_DEVICE_FAMILY = "1,2";
				TEST_HOST = "$(BUILT_PRODUCTS_DIR)/spay.app/spay";
			};
			name = Release;
		};
		745A72AF2309E2330000C436 /* Debug */ = {
			isa = XCBuildConfiguration;
			baseConfigurationReference = 03E1659D3A206BB68C546B2B /* Pods-spayUITests.debug.xcconfig */;
			buildSettings = {
				ALWAYS_EMBED_SWIFT_STANDARD_LIBRARIES = "$(inherited)";
				CODE_SIGN_STYLE = Automatic;
				DEVELOPMENT_TEAM = 93FSRYEFUM;
				INFOPLIST_FILE = spayUITests/Info.plist;
				LD_RUNPATH_SEARCH_PATHS = (
					"$(inherited)",
					"@executable_path/Frameworks",
					"@loader_path/Frameworks",
				);
				PRODUCT_BUNDLE_IDENTIFIER = pasini.spayUITests;
				PRODUCT_NAME = "$(TARGET_NAME)";
				SWIFT_VERSION = 5.0;
				TARGETED_DEVICE_FAMILY = "1,2";
				TEST_TARGET_NAME = spay;
			};
			name = Debug;
		};
		745A72B02309E2330000C436 /* Release */ = {
			isa = XCBuildConfiguration;
			baseConfigurationReference = 10148B4E36E5C92286CA5A1E /* Pods-spayUITests.release.xcconfig */;
			buildSettings = {
				ALWAYS_EMBED_SWIFT_STANDARD_LIBRARIES = "$(inherited)";
				CODE_SIGN_STYLE = Automatic;
				DEVELOPMENT_TEAM = 93FSRYEFUM;
				INFOPLIST_FILE = spayUITests/Info.plist;
				LD_RUNPATH_SEARCH_PATHS = (
					"$(inherited)",
					"@executable_path/Frameworks",
					"@loader_path/Frameworks",
				);
				PRODUCT_BUNDLE_IDENTIFIER = pasini.spayUITests;
				PRODUCT_NAME = "$(TARGET_NAME)";
				SWIFT_VERSION = 5.0;
				TARGETED_DEVICE_FAMILY = "1,2";
				TEST_TARGET_NAME = spay;
			};
			name = Release;
		};
/* End XCBuildConfiguration section */

/* Begin XCConfigurationList section */
		745A72782309E2320000C436 /* Build configuration list for PBXProject "spay" */ = {
			isa = XCConfigurationList;
			buildConfigurations = (
				745A72A62309E2330000C436 /* Debug */,
				745A72A72309E2330000C436 /* Release */,
			);
			defaultConfigurationIsVisible = 0;
			defaultConfigurationName = Release;
		};
		745A72A82309E2330000C436 /* Build configuration list for PBXNativeTarget "spay" */ = {
			isa = XCConfigurationList;
			buildConfigurations = (
				745A72A92309E2330000C436 /* Debug */,
				745A72AA2309E2330000C436 /* Release */,
			);
			defaultConfigurationIsVisible = 0;
			defaultConfigurationName = Release;
		};
		745A72AB2309E2330000C436 /* Build configuration list for PBXNativeTarget "spayTests" */ = {
			isa = XCConfigurationList;
			buildConfigurations = (
				745A72AC2309E2330000C436 /* Debug */,
				745A72AD2309E2330000C436 /* Release */,
			);
			defaultConfigurationIsVisible = 0;
			defaultConfigurationName = Release;
		};
		745A72AE2309E2330000C436 /* Build configuration list for PBXNativeTarget "spayUITests" */ = {
			isa = XCConfigurationList;
			buildConfigurations = (
				745A72AF2309E2330000C436 /* Debug */,
				745A72B02309E2330000C436 /* Release */,
			);
			defaultConfigurationIsVisible = 0;
			defaultConfigurationName = Release;
		};
/* End XCConfigurationList section */
	};
	rootObject = 745A72752309E2320000C436 /* Project object */;
}
